<?xml version="1.0" encoding="utf-8"?>
<Project ToolsVersion="4.0" xmlns="http://schemas.microsoft.com/developer/msbuild/2003">
  <ItemGroup>
    <ClCompile Include="Background.cpp" />
    <ClCompile Include="FuelUI.cpp" />
    <ClCompile Include="Game.cpp" />
    <ClCompile Include="GameOver.cpp" />
    <ClCompile Include="main.cpp" />
    <ClCompile Include="MainMenu.cpp" />
    <ClCompile Include="Planet.cpp" />
    <ClCompile Include="Player.cpp" />
    <ClCompile Include="Splash.cpp" />
    <ClCompile Include="XboxController.cpp" />
    <ClCompile Include="FuelPickUp.cpp" />
    <ClCompile Include="Explosion.cpp" />
    <ClCompile Include="Goal.cpp" />
    <ClCompile Include="HelpScreen.cpp" />
    <ClCompile Include="OptionsMenu.cpp" />
  </ItemGroup>
  <ItemGroup>
    <ClInclude Include="Background.h" />
    <ClInclude Include="FuelUI.h" />
    <ClInclude Include="Game.h" />
    <ClInclude Include="GameOver.h" />
    <ClInclude Include="MainMenu.h" />
    <ClInclude Include="Planet.h" />
    <ClInclude Include="Player.h" />
    <ClInclude Include="Splash.h" />
    <ClInclude Include="XboxController.h" />
    <ClInclude Include="FuelPickUp.h" />
    <ClInclude Include="Explosion.h" />
    <ClInclude Include="Goal.h" />
    <ClInclude Include="HelpScreen.h" />
    <ClInclude Include="OptionsMenu.h" />
  </ItemGroup>
</Project>